// !$*UTF8*$!
{
	archiveVersion = 1;
	classes = {
	};
	objectVersion = 56;
	objects = {

/* Begin PBXBuildFile section */
		8A9FA52F2BEA554600C96359 /* TinderSwiftUIApp.swift in Sources */ = {isa = PBXBuildFile; fileRef = 8A9FA52E2BEA554600C96359 /* TinderSwiftUIApp.swift */; };
		8A9FA5312BEA554600C96359 /* RootView.swift in Sources */ = {isa = PBXBuildFile; fileRef = 8A9FA5302BEA554600C96359 /* RootView.swift */; };
		8A9FA5332BEA554800C96359 /* Assets.xcassets in Resources */ = {isa = PBXBuildFile; fileRef = 8A9FA5322BEA554800C96359 /* Assets.xcassets */; };
		8A9FA5362BEA554800C96359 /* Preview Assets.xcassets in Resources */ = {isa = PBXBuildFile; fileRef = 8A9FA5352BEA554800C96359 /* Preview Assets.xcassets */; };
		8A9FA5402BEA554800C96359 /* TinderSwiftUITests.swift in Sources */ = {isa = PBXBuildFile; fileRef = 8A9FA53F2BEA554800C96359 /* TinderSwiftUITests.swift */; };
		8A9FA54A2BEA554800C96359 /* TinderSwiftUIUITests.swift in Sources */ = {isa = PBXBuildFile; fileRef = 8A9FA5492BEA554800C96359 /* TinderSwiftUIUITests.swift */; };
		8A9FA54C2BEA554800C96359 /* TinderSwiftUIUITestsLaunchTests.swift in Sources */ = {isa = PBXBuildFile; fileRef = 8A9FA54B2BEA554800C96359 /* TinderSwiftUIUITestsLaunchTests.swift */; };
		8A9FA5652BEA56BB00C96359 /* MainTabView.swift in Sources */ = {isa = PBXBuildFile; fileRef = 8A9FA5642BEA56BB00C96359 /* MainTabView.swift */; };
		8A9FA5672BEA57C100C96359 /* Constants.swift in Sources */ = {isa = PBXBuildFile; fileRef = 8A9FA5662BEA57C100C96359 /* Constants.swift */; };
		8A9FA56A2BEA5EA900C96359 /* CardView.swift in Sources */ = {isa = PBXBuildFile; fileRef = 8A9FA5692BEA5EA900C96359 /* CardView.swift */; };
		8A9FA56C2BEA61AF00C96359 /* UserInfoView.swift in Sources */ = {isa = PBXBuildFile; fileRef = 8A9FA56B2BEA61AF00C96359 /* UserInfoView.swift */; };
/* End PBXBuildFile section */

/* Begin PBXContainerItemProxy section */
		8A9FA53C2BEA554800C96359 /* PBXContainerItemProxy */ = {
			isa = PBXContainerItemProxy;
			containerPortal = 8A9FA5232BEA554600C96359 /* Project object */;
			proxyType = 1;
			remoteGlobalIDString = 8A9FA52A2BEA554600C96359;
			remoteInfo = TinderSwiftUI;
		};
		8A9FA5462BEA554800C96359 /* PBXContainerItemProxy */ = {
			isa = PBXContainerItemProxy;
			containerPortal = 8A9FA5232BEA554600C96359 /* Project object */;
			proxyType = 1;
			remoteGlobalIDString = 8A9FA52A2BEA554600C96359;
			remoteInfo = TinderSwiftUI;
		};
/* End PBXContainerItemProxy section */

/* Begin PBXFileReference section */
		8A9FA52B2BEA554600C96359 /* TinderSwiftUI.app */ = {isa = PBXFileReference; explicitFileType = wrapper.application; includeInIndex = 0; path = TinderSwiftUI.app; sourceTree = BUILT_PRODUCTS_DIR; };
		8A9FA52E2BEA554600C96359 /* TinderSwiftUIApp.swift */ = {isa = PBXFileReference; lastKnownFileType = sourcecode.swift; path = TinderSwiftUIApp.swift; sourceTree = "<group>"; };
		8A9FA5302BEA554600C96359 /* RootView.swift */ = {isa = PBXFileReference; lastKnownFileType = sourcecode.swift; path = RootView.swift; sourceTree = "<group>"; };
		8A9FA5322BEA554800C96359 /* Assets.xcassets */ = {isa = PBXFileReference; lastKnownFileType = folder.assetcatalog; path = Assets.xcassets; sourceTree = "<group>"; };
		8A9FA5352BEA554800C96359 /* Preview Assets.xcassets */ = {isa = PBXFileReference; lastKnownFileType = folder.assetcatalog; path = "Preview Assets.xcassets"; sourceTree = "<group>"; };
		8A9FA53B2BEA554800C96359 /* TinderSwiftUITests.xctest */ = {isa = PBXFileReference; explicitFileType = wrapper.cfbundle; includeInIndex = 0; path = TinderSwiftUITests.xctest; sourceTree = BUILT_PRODUCTS_DIR; };
		8A9FA53F2BEA554800C96359 /* TinderSwiftUITests.swift */ = {isa = PBXFileReference; lastKnownFileType = sourcecode.swift; path = TinderSwiftUITests.swift; sourceTree = "<group>"; };
		8A9FA5452BEA554800C96359 /* TinderSwiftUIUITests.xctest */ = {isa = PBXFileReference; explicitFileType = wrapper.cfbundle; includeInIndex = 0; path = TinderSwiftUIUITests.xctest; sourceTree = BUILT_PRODUCTS_DIR; };
		8A9FA5492BEA554800C96359 /* TinderSwiftUIUITests.swift */ = {isa = PBXFileReference; lastKnownFileType = sourcecode.swift; path = TinderSwiftUIUITests.swift; sourceTree = "<group>"; };
		8A9FA54B2BEA554800C96359 /* TinderSwiftUIUITestsLaunchTests.swift */ = {isa = PBXFileReference; lastKnownFileType = sourcecode.swift; path = TinderSwiftUIUITestsLaunchTests.swift; sourceTree = "<group>"; };
		8A9FA5642BEA56BB00C96359 /* MainTabView.swift */ = {isa = PBXFileReference; lastKnownFileType = sourcecode.swift; path = MainTabView.swift; sourceTree = "<group>"; };
		8A9FA5662BEA57C100C96359 /* Constants.swift */ = {isa = PBXFileReference; lastKnownFileType = sourcecode.swift; path = Constants.swift; sourceTree = "<group>"; };
		8A9FA5692BEA5EA900C96359 /* CardView.swift */ = {isa = PBXFileReference; lastKnownFileType = sourcecode.swift; path = CardView.swift; sourceTree = "<group>"; };
		8A9FA56B2BEA61AF00C96359 /* UserInfoView.swift */ = {isa = PBXFileReference; lastKnownFileType = sourcecode.swift; path = UserInfoView.swift; sourceTree = "<group>"; };
/* End PBXFileReference section */

/* Begin PBXFrameworksBuildPhase section */
		8A9FA5282BEA554600C96359 /* Frameworks */ = {
			isa = PBXFrameworksBuildPhase;
			buildActionMask = 2147483647;
			files = (
			);
			runOnlyForDeploymentPostprocessing = 0;
		};
		8A9FA5382BEA554800C96359 /* Frameworks */ = {
			isa = PBXFrameworksBuildPhase;
			buildActionMask = 2147483647;
			files = (
			);
			runOnlyForDeploymentPostprocessing = 0;
		};
		8A9FA5422BEA554800C96359 /* Frameworks */ = {
			isa = PBXFrameworksBuildPhase;
			buildActionMask = 2147483647;
			files = (
			);
			runOnlyForDeploymentPostprocessing = 0;
		};
/* End PBXFrameworksBuildPhase section */

/* Begin PBXGroup section */
		8A9FA5222BEA554600C96359 = {
			isa = PBXGroup;
			children = (
				8A9FA52D2BEA554600C96359 /* TinderSwiftUI */,
				8A9FA53E2BEA554800C96359 /* TinderSwiftUITests */,
				8A9FA5482BEA554800C96359 /* TinderSwiftUIUITests */,
				8A9FA52C2BEA554600C96359 /* Products */,
			);
			sourceTree = "<group>";
		};
		8A9FA52C2BEA554600C96359 /* Products */ = {
			isa = PBXGroup;
			children = (
				8A9FA52B2BEA554600C96359 /* TinderSwiftUI.app */,
				8A9FA53B2BEA554800C96359 /* TinderSwiftUITests.xctest */,
				8A9FA5452BEA554800C96359 /* TinderSwiftUIUITests.xctest */,
			);
			name = Products;
			sourceTree = "<group>";
		};
		8A9FA52D2BEA554600C96359 /* TinderSwiftUI */ = {
			isa = PBXGroup;
			children = (
				8A9FA55D2BEA55B300C96359 /* App */,
				8A9FA55C2BEA55B200C96359 /* Core */,
				8A9FA55B2BEA55B000C96359 /* Shared */,
				8A9FA55A2BEA55AE00C96359 /* Extensions */,
				8A9FA5582BEA55A400C96359 /* Utils */,
				8A9FA5302BEA554600C96359 /* RootView.swift */,
				8A9FA55E2BEA55F000C96359 /* Resources */,
				8A9FA5342BEA554800C96359 /* Preview Content */,
			);
			path = TinderSwiftUI;
			sourceTree = "<group>";
		};
		8A9FA5342BEA554800C96359 /* Preview Content */ = {
			isa = PBXGroup;
			children = (
				8A9FA5352BEA554800C96359 /* Preview Assets.xcassets */,
			);
			path = "Preview Content";
			sourceTree = "<group>";
		};
		8A9FA53E2BEA554800C96359 /* TinderSwiftUITests */ = {
			isa = PBXGroup;
			children = (
				8A9FA53F2BEA554800C96359 /* TinderSwiftUITests.swift */,
			);
			path = TinderSwiftUITests;
			sourceTree = "<group>";
		};
		8A9FA5482BEA554800C96359 /* TinderSwiftUIUITests */ = {
			isa = PBXGroup;
			children = (
				8A9FA5492BEA554800C96359 /* TinderSwiftUIUITests.swift */,
				8A9FA54B2BEA554800C96359 /* TinderSwiftUIUITestsLaunchTests.swift */,
			);
			path = TinderSwiftUIUITests;
			sourceTree = "<group>";
		};
		8A9FA5582BEA55A400C96359 /* Utils */ = {
			isa = PBXGroup;
			children = (
				8A9FA5662BEA57C100C96359 /* Constants.swift */,
			);
			path = Utils;
			sourceTree = "<group>";
		};
		8A9FA55A2BEA55AE00C96359 /* Extensions */ = {
			isa = PBXGroup;
			children = (
			);
			path = Extensions;
			sourceTree = "<group>";
		};
		8A9FA55B2BEA55B000C96359 /* Shared */ = {
			isa = PBXGroup;
			children = (
			);
			path = Shared;
			sourceTree = "<group>";
		};
		8A9FA55C2BEA55B200C96359 /* Core */ = {
			isa = PBXGroup;
			children = (
				8A9FA5632BEA565C00C96359 /* Search */,
				8A9FA5622BEA565000C96359 /* TabBar */,
				8A9FA5612BEA564900C96359 /* Cards */,
				8A9FA5602BEA564500C96359 /* Profile */,
				8A9FA55F2BEA564100C96359 /* Messaging */,
			);
			path = Core;
			sourceTree = "<group>";
		};
		8A9FA55D2BEA55B300C96359 /* App */ = {
			isa = PBXGroup;
			children = (
				8A9FA52E2BEA554600C96359 /* TinderSwiftUIApp.swift */,
			);
			path = App;
			sourceTree = "<group>";
		};
		8A9FA55E2BEA55F000C96359 /* Resources */ = {
			isa = PBXGroup;
			children = (
				8A9FA5322BEA554800C96359 /* Assets.xcassets */,
			);
			path = Resources;
			sourceTree = "<group>";
		};
		8A9FA55F2BEA564100C96359 /* Messaging */ = {
			isa = PBXGroup;
			children = (
			);
			path = Messaging;
			sourceTree = "<group>";
		};
		8A9FA5602BEA564500C96359 /* Profile */ = {
			isa = PBXGroup;
			children = (
			);
			path = Profile;
			sourceTree = "<group>";
		};
		8A9FA5612BEA564900C96359 /* Cards */ = {
			isa = PBXGroup;
			children = (
				8A9FA5682BEA5E9D00C96359 /* Views */,
			);
			path = Cards;
			sourceTree = "<group>";
		};
		8A9FA5622BEA565000C96359 /* TabBar */ = {
			isa = PBXGroup;
			children = (
				8A9FA5642BEA56BB00C96359 /* MainTabView.swift */,
			);
			path = TabBar;
			sourceTree = "<group>";
		};
		8A9FA5632BEA565C00C96359 /* Search */ = {
			isa = PBXGroup;
			children = (
			);
			path = Search;
			sourceTree = "<group>";
		};
		8A9FA5682BEA5E9D00C96359 /* Views */ = {
			isa = PBXGroup;
			children = (
				8A9FA5692BEA5EA900C96359 /* CardView.swift */,
				8A9FA56B2BEA61AF00C96359 /* UserInfoView.swift */,
			);
			path = Views;
			sourceTree = "<group>";
		};
/* End PBXGroup section */

/* Begin PBXNativeTarget section */
		8A9FA52A2BEA554600C96359 /* TinderSwiftUI */ = {
			isa = PBXNativeTarget;
			buildConfigurationList = 8A9FA54F2BEA554800C96359 /* Build configuration list for PBXNativeTarget "TinderSwiftUI" */;
			buildPhases = (
				8A9FA5272BEA554600C96359 /* Sources */,
				8A9FA5282BEA554600C96359 /* Frameworks */,
				8A9FA5292BEA554600C96359 /* Resources */,
			);
			buildRules = (
			);
			dependencies = (
			);
			name = TinderSwiftUI;
			productName = TinderSwiftUI;
			productReference = 8A9FA52B2BEA554600C96359 /* TinderSwiftUI.app */;
			productType = "com.apple.product-type.application";
		};
		8A9FA53A2BEA554800C96359 /* TinderSwiftUITests */ = {
			isa = PBXNativeTarget;
			buildConfigurationList = 8A9FA5522BEA554800C96359 /* Build configuration list for PBXNativeTarget "TinderSwiftUITests" */;
			buildPhases = (
				8A9FA5372BEA554800C96359 /* Sources */,
				8A9FA5382BEA554800C96359 /* Frameworks */,
				8A9FA5392BEA554800C96359 /* Resources */,
			);
			buildRules = (
			);
			dependencies = (
				8A9FA53D2BEA554800C96359 /* PBXTargetDependency */,
			);
			name = TinderSwiftUITests;
			productName = TinderSwiftUITests;
			productReference = 8A9FA53B2BEA554800C96359 /* TinderSwiftUITests.xctest */;
			productType = "com.apple.product-type.bundle.unit-test";
		};
		8A9FA5442BEA554800C96359 /* TinderSwiftUIUITests */ = {
			isa = PBXNativeTarget;
			buildConfigurationList = 8A9FA5552BEA554800C96359 /* Build configuration list for PBXNativeTarget "TinderSwiftUIUITests" */;
			buildPhases = (
				8A9FA5412BEA554800C96359 /* Sources */,
				8A9FA5422BEA554800C96359 /* Frameworks */,
				8A9FA5432BEA554800C96359 /* Resources */,
			);
			buildRules = (
			);
			dependencies = (
				8A9FA5472BEA554800C96359 /* PBXTargetDependency */,
			);
			name = TinderSwiftUIUITests;
			productName = TinderSwiftUIUITests;
			productReference = 8A9FA5452BEA554800C96359 /* TinderSwiftUIUITests.xctest */;
			productType = "com.apple.product-type.bundle.ui-testing";
		};
/* End PBXNativeTarget section */

/* Begin PBXProject section */
		8A9FA5232BEA554600C96359 /* Project object */ = {
			isa = PBXProject;
			attributes = {
				BuildIndependentTargetsInParallel = 1;
				LastSwiftUpdateCheck = 1530;
				LastUpgradeCheck = 1530;
				TargetAttributes = {
					8A9FA52A2BEA554600C96359 = {
						CreatedOnToolsVersion = 15.3;
					};
					8A9FA53A2BEA554800C96359 = {
						CreatedOnToolsVersion = 15.3;
						TestTargetID = 8A9FA52A2BEA554600C96359;
					};
					8A9FA5442BEA554800C96359 = {
						CreatedOnToolsVersion = 15.3;
						TestTargetID = 8A9FA52A2BEA554600C96359;
					};
				};
			};
			buildConfigurationList = 8A9FA5262BEA554600C96359 /* Build configuration list for PBXProject "TinderSwiftUI" */;
			compatibilityVersion = "Xcode 14.0";
			developmentRegion = en;
			hasScannedForEncodings = 0;
			knownRegions = (
				en,
				Base,
			);
			mainGroup = 8A9FA5222BEA554600C96359;
			productRefGroup = 8A9FA52C2BEA554600C96359 /* Products */;
			projectDirPath = "";
			projectRoot = "";
			targets = (
				8A9FA52A2BEA554600C96359 /* TinderSwiftUI */,
				8A9FA53A2BEA554800C96359 /* TinderSwiftUITests */,
				8A9FA5442BEA554800C96359 /* TinderSwiftUIUITests */,
			);
		};
/* End PBXProject section */

/* Begin PBXResourcesBuildPhase section */
		8A9FA5292BEA554600C96359 /* Resources */ = {
			isa = PBXResourcesBuildPhase;
			buildActionMask = 2147483647;
			files = (
				8A9FA5362BEA554800C96359 /* Preview Assets.xcassets in Resources */,
				8A9FA5332BEA554800C96359 /* Assets.xcassets in Resources */,
			);
			runOnlyForDeploymentPostprocessing = 0;
		};
		8A9FA5392BEA554800C96359 /* Resources */ = {
			isa = PBXResourcesBuildPhase;
			buildActionMask = 2147483647;
			files = (
			);
			runOnlyForDeploymentPostprocessing = 0;
		};
		8A9FA5432BEA554800C96359 /* Resources */ = {
			isa = PBXResourcesBuildPhase;
			buildActionMask = 2147483647;
			files = (
			);
			runOnlyForDeploymentPostprocessing = 0;
		};
/* End PBXResourcesBuildPhase section */

/* Begin PBXSourcesBuildPhase section */
		8A9FA5272BEA554600C96359 /* Sources */ = {
			isa = PBXSourcesBuildPhase;
			buildActionMask = 2147483647;
			files = (
				8A9FA5652BEA56BB00C96359 /* MainTabView.swift in Sources */,
				8A9FA5312BEA554600C96359 /* RootView.swift in Sources */,
				8A9FA52F2BEA554600C96359 /* TinderSwiftUIApp.swift in Sources */,
				8A9FA56C2BEA61AF00C96359 /* UserInfoView.swift in Sources */,
				8A9FA5672BEA57C100C96359 /* Constants.swift in Sources */,
				8A9FA56A2BEA5EA900C96359 /* CardView.swift in Sources */,
			);
			runOnlyForDeploymentPostprocessing = 0;
		};
		8A9FA5372BEA554800C96359 /* Sources */ = {
			isa = PBXSourcesBuildPhase;
			buildActionMask = 2147483647;
			files = (
				8A9FA5402BEA554800C96359 /* TinderSwiftUITests.swift in Sources */,
			);
			runOnlyForDeploymentPostprocessing = 0;
		};
		8A9FA5412BEA554800C96359 /* Sources */ = {
			isa = PBXSourcesBuildPhase;
			buildActionMask = 2147483647;
			files = (
				8A9FA54C2BEA554800C96359 /* TinderSwiftUIUITestsLaunchTests.swift in Sources */,
				8A9FA54A2BEA554800C96359 /* TinderSwiftUIUITests.swift in Sources */,
			);
			runOnlyForDeploymentPostprocessing = 0;
		};
/* End PBXSourcesBuildPhase section */

/* Begin PBXTargetDependency section */
		8A9FA53D2BEA554800C96359 /* PBXTargetDependency */ = {
			isa = PBXTargetDependency;
			target = 8A9FA52A2BEA554600C96359 /* TinderSwiftUI */;
			targetProxy = 8A9FA53C2BEA554800C96359 /* PBXContainerItemProxy */;
		};
		8A9FA5472BEA554800C96359 /* PBXTargetDependency */ = {
			isa = PBXTargetDependency;
			target = 8A9FA52A2BEA554600C96359 /* TinderSwiftUI */;
			targetProxy = 8A9FA5462BEA554800C96359 /* PBXContainerItemProxy */;
		};
/* End PBXTargetDependency section */

/* Begin XCBuildConfiguration section */
		8A9FA54D2BEA554800C96359 /* Debug */ = {
			isa = XCBuildConfiguration;
			buildSettings = {
				ALWAYS_SEARCH_USER_PATHS = NO;
				ASSETCATALOG_COMPILER_GENERATE_SWIFT_ASSET_SYMBOL_EXTENSIONS = YES;
				CLANG_ANALYZER_NONNULL = YES;
				CLANG_ANALYZER_NUMBER_OBJECT_CONVERSION = YES_AGGRESSIVE;
				CLANG_CXX_LANGUAGE_STANDARD = "gnu++20";
				CLANG_ENABLE_MODULES = YES;
				CLANG_ENABLE_OBJC_ARC = YES;
				CLANG_ENABLE_OBJC_WEAK = YES;
				CLANG_WARN_BLOCK_CAPTURE_AUTORELEASING = YES;
				CLANG_WARN_BOOL_CONVERSION = YES;
				CLANG_WARN_COMMA = YES;
				CLANG_WARN_CONSTANT_CONVERSION = YES;
				CLANG_WARN_DEPRECATED_OBJC_IMPLEMENTATIONS = YES;
				CLANG_WARN_DIRECT_OBJC_ISA_USAGE = YES_ERROR;
				CLANG_WARN_DOCUMENTATION_COMMENTS = YES;
				CLANG_WARN_EMPTY_BODY = YES;
				CLANG_WARN_ENUM_CONVERSION = YES;
				CLANG_WARN_INFINITE_RECURSION = YES;
				CLANG_WARN_INT_CONVERSION = YES;
				CLANG_WARN_NON_LITERAL_NULL_CONVERSION = YES;
				CLANG_WARN_OBJC_IMPLICIT_RETAIN_SELF = YES;
				CLANG_WARN_OBJC_LITERAL_CONVERSION = YES;
				CLANG_WARN_OBJC_ROOT_CLASS = YES_ERROR;
				CLANG_WARN_QUOTED_INCLUDE_IN_FRAMEWORK_HEADER = YES;
				CLANG_WARN_RANGE_LOOP_ANALYSIS = YES;
				CLANG_WARN_STRICT_PROTOTYPES = YES;
				CLANG_WARN_SUSPICIOUS_MOVE = YES;
				CLANG_WARN_UNGUARDED_AVAILABILITY = YES_AGGRESSIVE;
				CLANG_WARN_UNREACHABLE_CODE = YES;
				CLANG_WARN__DUPLICATE_METHOD_MATCH = YES;
				COPY_PHASE_STRIP = NO;
				DEBUG_INFORMATION_FORMAT = dwarf;
				ENABLE_STRICT_OBJC_MSGSEND = YES;
				ENABLE_TESTABILITY = YES;
				ENABLE_USER_SCRIPT_SANDBOXING = YES;
				GCC_C_LANGUAGE_STANDARD = gnu17;
				GCC_DYNAMIC_NO_PIC = NO;
				GCC_NO_COMMON_BLOCKS = YES;
				GCC_OPTIMIZATION_LEVEL = 0;
				GCC_PREPROCESSOR_DEFINITIONS = (
					"DEBUG=1",
					"$(inherited)",
				);
				GCC_WARN_64_TO_32_BIT_CONVERSION = YES;
				GCC_WARN_ABOUT_RETURN_TYPE = YES_ERROR;
				GCC_WARN_UNDECLARED_SELECTOR = YES;
				GCC_WARN_UNINITIALIZED_AUTOS = YES_AGGRESSIVE;
				GCC_WARN_UNUSED_FUNCTION = YES;
				GCC_WARN_UNUSED_VARIABLE = YES;
				IPHONEOS_DEPLOYMENT_TARGET = 17.4;
				LOCALIZATION_PREFERS_STRING_CATALOGS = YES;
				MTL_ENABLE_DEBUG_INFO = INCLUDE_SOURCE;
				MTL_FAST_MATH = YES;
				ONLY_ACTIVE_ARCH = YES;
				SDKROOT = iphoneos;
				SWIFT_ACTIVE_COMPILATION_CONDITIONS = "DEBUG $(inherited)";
				SWIFT_OPTIMIZATION_LEVEL = "-Onone";
			};
			name = Debug;
		};
		8A9FA54E2BEA554800C96359 /* Release */ = {
			isa = XCBuildConfiguration;
			buildSettings = {
				ALWAYS_SEARCH_USER_PATHS = NO;
				ASSETCATALOG_COMPILER_GENERATE_SWIFT_ASSET_SYMBOL_EXTENSIONS = YES;
				CLANG_ANALYZER_NONNULL = YES;
				CLANG_ANALYZER_NUMBER_OBJECT_CONVERSION = YES_AGGRESSIVE;
				CLANG_CXX_LANGUAGE_STANDARD = "gnu++20";
				CLANG_ENABLE_MODULES = YES;
				CLANG_ENABLE_OBJC_ARC = YES;
				CLANG_ENABLE_OBJC_WEAK = YES;
				CLANG_WARN_BLOCK_CAPTURE_AUTORELEASING = YES;
				CLANG_WARN_BOOL_CONVERSION = YES;
				CLANG_WARN_COMMA = YES;
				CLANG_WARN_CONSTANT_CONVERSION = YES;
				CLANG_WARN_DEPRECATED_OBJC_IMPLEMENTATIONS = YES;
				CLANG_WARN_DIRECT_OBJC_ISA_USAGE = YES_ERROR;
				CLANG_WARN_DOCUMENTATION_COMMENTS = YES;
				CLANG_WARN_EMPTY_BODY = YES;
				CLANG_WARN_ENUM_CONVERSION = YES;
				CLANG_WARN_INFINITE_RECURSION = YES;
				CLANG_WARN_INT_CONVERSION = YES;
				CLANG_WARN_NON_LITERAL_NULL_CONVERSION = YES;
				CLANG_WARN_OBJC_IMPLICIT_RETAIN_SELF = YES;
				CLANG_WARN_OBJC_LITERAL_CONVERSION = YES;
				CLANG_WARN_OBJC_ROOT_CLASS = YES_ERROR;
				CLANG_WARN_QUOTED_INCLUDE_IN_FRAMEWORK_HEADER = YES;
				CLANG_WARN_RANGE_LOOP_ANALYSIS = YES;
				CLANG_WARN_STRICT_PROTOTYPES = YES;
				CLANG_WARN_SUSPICIOUS_MOVE = YES;
				CLANG_WARN_UNGUARDED_AVAILABILITY = YES_AGGRESSIVE;
				CLANG_WARN_UNREACHABLE_CODE = YES;
				CLANG_WARN__DUPLICATE_METHOD_MATCH = YES;
				COPY_PHASE_STRIP = NO;
				DEBUG_INFORMATION_FORMAT = "dwarf-with-dsym";
				ENABLE_NS_ASSERTIONS = NO;
				ENABLE_STRICT_OBJC_MSGSEND = YES;
				ENABLE_USER_SCRIPT_SANDBOXING = YES;
				GCC_C_LANGUAGE_STANDARD = gnu17;
				GCC_NO_COMMON_BLOCKS = YES;
				GCC_WARN_64_TO_32_BIT_CONVERSION = YES;
				GCC_WARN_ABOUT_RETURN_TYPE = YES_ERROR;
				GCC_WARN_UNDECLARED_SELECTOR = YES;
				GCC_WARN_UNINITIALIZED_AUTOS = YES_AGGRESSIVE;
				GCC_WARN_UNUSED_FUNCTION = YES;
				GCC_WARN_UNUSED_VARIABLE = YES;
				IPHONEOS_DEPLOYMENT_TARGET = 17.4;
				LOCALIZATION_PREFERS_STRING_CATALOGS = YES;
				MTL_ENABLE_DEBUG_INFO = NO;
				MTL_FAST_MATH = YES;
				SDKROOT = iphoneos;
				SWIFT_COMPILATION_MODE = wholemodule;
				VALIDATE_PRODUCT = YES;
			};
			name = Release;
		};
		8A9FA5502BEA554800C96359 /* Debug */ = {
			isa = XCBuildConfiguration;
			buildSettings = {
				ASSETCATALOG_COMPILER_APPICON_NAME = AppIcon;
				ASSETCATALOG_COMPILER_GLOBAL_ACCENT_COLOR_NAME = AccentColor;
				CODE_SIGN_STYLE = Automatic;
				CURRENT_PROJECT_VERSION = 1;
				DEVELOPMENT_ASSET_PATHS = "\"TinderSwiftUI/Preview Content\"";
				DEVELOPMENT_TEAM = ZWP9XW897T;
				ENABLE_PREVIEWS = YES;
				GENERATE_INFOPLIST_FILE = YES;
				INFOPLIST_KEY_UIApplicationSceneManifest_Generation = YES;
				INFOPLIST_KEY_UIApplicationSupportsIndirectInputEvents = YES;
				INFOPLIST_KEY_UILaunchScreen_Generation = YES;
				INFOPLIST_KEY_UISupportedInterfaceOrientations_iPad = "UIInterfaceOrientationPortrait UIInterfaceOrientationPortraitUpsideDown UIInterfaceOrientationLandscapeLeft UIInterfaceOrientationLandscapeRight";
				INFOPLIST_KEY_UISupportedInterfaceOrientations_iPhone = "UIInterfaceOrientationPortrait UIInterfaceOrientationLandscapeLeft UIInterfaceOrientationLandscapeRight";
				LD_RUNPATH_SEARCH_PATHS = (
					"$(inherited)",
					"@executable_path/Frameworks",
				);
				MARKETING_VERSION = 1.0;
				PRODUCT_BUNDLE_IDENTIFIER = com.avijeet.TinderSwiftUI;
				PRODUCT_NAME = "$(TARGET_NAME)";
				SWIFT_EMIT_LOC_STRINGS = YES;
				SWIFT_VERSION = 5.0;
				TARGETED_DEVICE_FAMILY = "1,2";
			};
			name = Debug;
		};
		8A9FA5512BEA554800C96359 /* Release */ = {
			isa = XCBuildConfiguration;
			buildSettings = {
				ASSETCATALOG_COMPILER_APPICON_NAME = AppIcon;
				ASSETCATALOG_COMPILER_GLOBAL_ACCENT_COLOR_NAME = AccentColor;
				CODE_SIGN_STYLE = Automatic;
				CURRENT_PROJECT_VERSION = 1;
				DEVELOPMENT_ASSET_PATHS = "\"TinderSwiftUI/Preview Content\"";
				DEVELOPMENT_TEAM = ZWP9XW897T;
				ENABLE_PREVIEWS = YES;
				GENERATE_INFOPLIST_FILE = YES;
				INFOPLIST_KEY_UIApplicationSceneManifest_Generation = YES;
				INFOPLIST_KEY_UIApplicationSupportsIndirectInputEvents = YES;
				INFOPLIST_KEY_UILaunchScreen_Generation = YES;
				INFOPLIST_KEY_UISupportedInterfaceOrientations_iPad = "UIInterfaceOrientationPortrait UIInterfaceOrientationPortraitUpsideDown UIInterfaceOrientationLandscapeLeft UIInterfaceOrientationLandscapeRight";
				INFOPLIST_KEY_UISupportedInterfaceOrientations_iPhone = "UIInterfaceOrientationPortrait UIInterfaceOrientationLandscapeLeft UIInterfaceOrientationLandscapeRight";
				LD_RUNPATH_SEARCH_PATHS = (
					"$(inherited)",
					"@executable_path/Frameworks",
				);
				MARKETING_VERSION = 1.0;
				PRODUCT_BUNDLE_IDENTIFIER = com.avijeet.TinderSwiftUI;
				PRODUCT_NAME = "$(TARGET_NAME)";
				SWIFT_EMIT_LOC_STRINGS = YES;
				SWIFT_VERSION = 5.0;
				TARGETED_DEVICE_FAMILY = "1,2";
			};
			name = Release;
		};
		8A9FA5532BEA554800C96359 /* Debug */ = {
			isa = XCBuildConfiguration;
			buildSettings = {
				ALWAYS_EMBED_SWIFT_STANDARD_LIBRARIES = YES;
				BUNDLE_LOADER = "$(TEST_HOST)";
				CODE_SIGN_STYLE = Automatic;
				CURRENT_PROJECT_VERSION = 1;
				DEVELOPMENT_TEAM = ZWP9XW897T;
				GENERATE_INFOPLIST_FILE = YES;
				IPHONEOS_DEPLOYMENT_TARGET = 17.4;
				MARKETING_VERSION = 1.0;
				PRODUCT_BUNDLE_IDENTIFIER = com.avijeet.TinderSwiftUITests;
				PRODUCT_NAME = "$(TARGET_NAME)";
				SWIFT_EMIT_LOC_STRINGS = NO;
				SWIFT_VERSION = 5.0;
				TARGETED_DEVICE_FAMILY = "1,2";
				TEST_HOST = "$(BUILT_PRODUCTS_DIR)/TinderSwiftUI.app/$(BUNDLE_EXECUTABLE_FOLDER_PATH)/TinderSwiftUI";
			};
			name = Debug;
		};
		8A9FA5542BEA554800C96359 /* Release */ = {
			isa = XCBuildConfiguration;
			buildSettings = {
				ALWAYS_EMBED_SWIFT_STANDARD_LIBRARIES = YES;
				BUNDLE_LOADER = "$(TEST_HOST)";
				CODE_SIGN_STYLE = Automatic;
				CURRENT_PROJECT_VERSION = 1;
				DEVELOPMENT_TEAM = ZWP9XW897T;
				GENERATE_INFOPLIST_FILE = YES;
				IPHONEOS_DEPLOYMENT_TARGET = 17.4;
				MARKETING_VERSION = 1.0;
				PRODUCT_BUNDLE_IDENTIFIER = com.avijeet.TinderSwiftUITests;
				PRODUCT_NAME = "$(TARGET_NAME)";
				SWIFT_EMIT_LOC_STRINGS = NO;
				SWIFT_VERSION = 5.0;
				TARGETED_DEVICE_FAMILY = "1,2";
				TEST_HOST = "$(BUILT_PRODUCTS_DIR)/TinderSwiftUI.app/$(BUNDLE_EXECUTABLE_FOLDER_PATH)/TinderSwiftUI";
			};
			name = Release;
		};
		8A9FA5562BEA554800C96359 /* Debug */ = {
			isa = XCBuildConfiguration;
			buildSettings = {
				ALWAYS_EMBED_SWIFT_STANDARD_LIBRARIES = YES;
				CODE_SIGN_STYLE = Automatic;
				CURRENT_PROJECT_VERSION = 1;
				DEVELOPMENT_TEAM = ZWP9XW897T;
				GENERATE_INFOPLIST_FILE = YES;
				MARKETING_VERSION = 1.0;
				PRODUCT_BUNDLE_IDENTIFIER = com.avijeet.TinderSwiftUIUITests;
				PRODUCT_NAME = "$(TARGET_NAME)";
				SWIFT_EMIT_LOC_STRINGS = NO;
				SWIFT_VERSION = 5.0;
				TARGETED_DEVICE_FAMILY = "1,2";
				TEST_TARGET_NAME = TinderSwiftUI;
			};
			name = Debug;
		};
		8A9FA5572BEA554800C96359 /* Release */ = {
			isa = XCBuildConfiguration;
			buildSettings = {
				ALWAYS_EMBED_SWIFT_STANDARD_LIBRARIES = YES;
				CODE_SIGN_STYLE = Automatic;
				CURRENT_PROJECT_VERSION = 1;
				DEVELOPMENT_TEAM = ZWP9XW897T;
				GENERATE_INFOPLIST_FILE = YES;
				MARKETING_VERSION = 1.0;
				PRODUCT_BUNDLE_IDENTIFIER = com.avijeet.TinderSwiftUIUITests;
				PRODUCT_NAME = "$(TARGET_NAME)";
				SWIFT_EMIT_LOC_STRINGS = NO;
				SWIFT_VERSION = 5.0;
				TARGETED_DEVICE_FAMILY = "1,2";
				TEST_TARGET_NAME = TinderSwiftUI;
			};
			name = Release;
		};
/* End XCBuildConfiguration section */

/* Begin XCConfigurationList section */
		8A9FA5262BEA554600C96359 /* Build configuration list for PBXProject "TinderSwiftUI" */ = {
			isa = XCConfigurationList;
			buildConfigurations = (
				8A9FA54D2BEA554800C96359 /* Debug */,
				8A9FA54E2BEA554800C96359 /* Release */,
			);
			defaultConfigurationIsVisible = 0;
			defaultConfigurationName = Release;
		};
		8A9FA54F2BEA554800C96359 /* Build configuration list for PBXNativeTarget "TinderSwiftUI" */ = {
			isa = XCConfigurationList;
			buildConfigurations = (
				8A9FA5502BEA554800C96359 /* Debug */,
				8A9FA5512BEA554800C96359 /* Release */,
			);
			defaultConfigurationIsVisible = 0;
			defaultConfigurationName = Release;
		};
		8A9FA5522BEA554800C96359 /* Build configuration list for PBXNativeTarget "TinderSwiftUITests" */ = {
			isa = XCConfigurationList;
			buildConfigurations = (
				8A9FA5532BEA554800C96359 /* Debug */,
				8A9FA5542BEA554800C96359 /* Release */,
			);
			defaultConfigurationIsVisible = 0;
			defaultConfigurationName = Release;
		};
		8A9FA5552BEA554800C96359 /* Build configuration list for PBXNativeTarget "TinderSwiftUIUITests" */ = {
			isa = XCConfigurationList;
			buildConfigurations = (
				8A9FA5562BEA554800C96359 /* Debug */,
				8A9FA5572BEA554800C96359 /* Release */,
			);
			defaultConfigurationIsVisible = 0;
			defaultConfigurationName = Release;
		};
/* End XCConfigurationList section */
	};
	rootObject = 8A9FA5232BEA554600C96359 /* Project object */;
}
